// !$*UTF8*$!
{
	archiveVersion = 1;
	classes = {
	};
	objectVersion = 50;
	objects = {

/* Begin PBXFileReference section */
		8791BB062321DABE006CD513 /* Async */ = {isa = PBXFileReference; lastKnownFileType = folder; path = Async; sourceTree = "<group>"; };
/* End PBXFileReference section */

/* Begin PBXGroup section */
		8797C6B52321DA7A002D6C95 = {
			isa = PBXGroup;
			children = (
				8791BB062321DABE006CD513 /* Async */,
			);
			sourceTree = "<group>";
		};
/* End PBXGroup section */

/* Begin PBXProject section */
		8797C6B62321DA7A002D6C95 /* Project object */ = {
			isa = PBXProject;
			attributes = {
				LastUpgradeCheck = 1030;
			};
			buildConfigurationList = 8797C6B92321DA7A002D6C95 /* Build configuration list for PBXProject "Async" */;
			compatibilityVersion = "Xcode 9.3";
			developmentRegion = en;
			hasScannedForEncodings = 0;
			knownRegions = (
				en,
			);
			mainGroup = 8797C6B52321DA7A002D6C95;
			projectDirPath = "";
			projectRoot = "";
			targets = (
			);
		};
/* End PBXProject section */

/* Begin XCBuildConfiguration section */
		8797C6BA2321DA7A002D6C95 /* Debug */ = {
			isa = XCBuildConfiguration;
			buildSettings = {
			};
			name = Debug;
		};
		8797C6BB2321DA7A002D6C95 /* Release */ = {
			isa = XCBuildConfiguration;
			buildSettings = {
			};
			name = Release;
		};
/* End XCBuildConfiguration section */

/* Begin XCConfigurationList section */
		8797C6B92321DA7A002D6C95 /* Build configuration list for PBXProject "Async" */ = {
			isa = XCConfigurationList;
			buildConfigurations = (
				8797C6BA2321DA7A002D6C95 /* Debug */,
				8797C6BB2321DA7A002D6C95 /* Release */,
			);
			defaultConfigurationIsVisible = 0;
			defaultConfigurationName = Release;
		};
/* End XCConfigurationList section */
	};
	rootObject = 8797C6B62321DA7A002D6C95 /* Project object */;
}
